
Microsoft Visual Studio Solution File, Format Version 12.00
# Visual Studio Version 16
VisualStudioVersion = 16.0.31402.337
MinimumVisualStudioVersion = 10.0.40219.1
Project("{9A19103F-16F7-4668-BE54-9A1E7A4F7556}") = "ExampleService", "ExampleService\ExampleService.csproj", "{BE05DC31-8065-4EAE-8B5F-BBE1A985CE3B}"
EndProject
Project("{9A19103F-16F7-4668-BE54-9A1E7A4F7556}") = "ExampleGateway", "ExampleGateway\ExampleGateway.csproj", "{CFE86278-6F13-4C74-B863-0EF9B01F2356}"
EndProject
Project("{9A19103F-16F7-4668-BE54-9A1E7A4F7556}") = "Grpc.Gateway", "..\Grpc.Gateway\Grpc.Gateway.csproj", "{AA36B690-A869-43D6-A323-DA169184FD84}"
EndProject
Global
	GlobalSection(SolutionConfigurationPlatforms) = preSolution
		Debug|Any CPU = Debug|Any CPU
		Release|Any CPU = Release|Any CPU
	EndGlobalSection
	GlobalSection(ProjectConfigurationPlatforms) = postSolution
		{BE05DC31-8065-4EAE-8B5F-BBE1A985CE3B}.Debug|Any CPU.ActiveCfg = Debug|Any CPU
		{BE05DC31-8065-4EAE-8B5F-BBE1A985CE3B}.Debug|Any CPU.Build.0 = Debug|Any CPU
		{BE05DC31-8065-4EAE-8B5F-BBE1A985CE3B}.Release|Any CPU.ActiveCfg = Release|Any CPU
		{BE05DC31-8065-4EAE-8B5F-BBE1A985CE3B}.Release|Any CPU.Build.0 = Release|Any CPU
		{CFE86278-6F13-4C74-B863-0EF9B01F2356}.Debug|Any CPU.ActiveCfg = Debug|Any CPU
		{CFE86278-6F13-4C74-B863-0EF9B01F2356}.Debug|Any CPU.Build.0 = Debug|Any CPU
		{CFE86278-6F13-4C74-B863-0EF9B01F2356}.Release|Any CPU.ActiveCfg = Release|Any CPU
		{CFE86278-6F13-4C74-B863-0EF9B01F2356}.Release|Any CPU.Build.0 = Release|Any CPU
		{AA36B690-A869-43D6-A323-DA169184FD84}.Debug|Any CPU.ActiveCfg = Debug|Any CPU
		{AA36B690-A869-43D6-A323-DA169184FD84}.Debug|Any CPU.Build.0 = Debug|Any CPU
		{AA36B690-A869-43D6-A323-DA169184FD84}.Release|Any CPU.ActiveCfg = Release|Any CPU
		{AA36B690-A869-43D6-A323-DA169184FD84}.Release|Any CPU.Build.0 = Release|Any CPU
	EndGlobalSection
	GlobalSection(SolutionProperties) = preSolution
		HideSolutionNode = FALSE
	EndGlobalSection
	GlobalSection(ExtensibilityGlobals) = postSolution
		SolutionGuid = {C4DD22DD-E91E-48E3-98A4-8B036A497201}
	EndGlobalSection
EndGlobal
